<?xml version="1.0" encoding="utf-8"?>
<Project ToolsVersion="4.0" xmlns="http://schemas.microsoft.com/developer/msbuild/2003">
  <ItemGroup>
    <Filter Include="src">
      <UniqueIdentifier>{e392f4f8-9edd-432b-8c1c-668412cf52fc}</UniqueIdentifier>
    </Filter>
    <Filter Include="win32">
      <UniqueIdentifier>{c2572a2a-3ab6-42fa-86cd-c9aadada09e7}</UniqueIdentifier>
    </Filter>
    <Filter Include="resource">
      <UniqueIdentifier>{95aac4bb-07e1-4a6a-8d98-96f77a14ce4a}</UniqueIdentifier>
    </Filter>
  </ItemGroup>
  <ItemGroup>
    <ClCompile Include="..\Classes\Rock.cpp">
      <Filter>src</Filter>
    </ClCompile>
    <ClCompile Include="..\Classes\Spider.cpp">
      <Filter>src</Filter>
    </ClCompile>
    <ClCompile Include="..\Classes\TestMapScene1.cpp">
      <Filter>src</Filter>
    </ClCompile>
    <ClCompile Include="..\Classes\AppDelegate.cpp">
      <Filter>src</Filter>
    </ClCompile>
    <ClCompile Include="..\Classes\CountTimer.cpp">
      <Filter>src</Filter>
    </ClCompile>
    <ClCompile Include="..\Classes\Diamond.cpp">
      <Filter>src</Filter>
    </ClCompile>
    <ClCompile Include="..\Classes\GamePlay.cpp">
      <Filter>src</Filter>
    </ClCompile>
    <ClCompile Include="..\Classes\Item_game.cpp">
      <Filter>src</Filter>
    </ClCompile>
    <ClCompile Include="..\Classes\MainCharactor.cpp">
      <Filter>src</Filter>
    </ClCompile>
    <ClCompile Include="..\Classes\Objject.cpp">
      <Filter>src</Filter>
    </ClCompile>
    <ClCompile Include="..\Classes\ResourceManager.cpp">
      <Filter>src</Filter>
    </ClCompile>
    <ClCompile Include="main.cpp">
      <Filter>win32</Filter>
    </ClCompile>
  </ItemGroup>
  <ItemGroup>
    <ClInclude Include="..\Classes\Rock.h">
      <Filter>src</Filter>
    </ClInclude>
    <ClInclude Include="..\Classes\Spider.h">
      <Filter>src</Filter>
    </ClInclude>
    <ClInclude Include="..\Classes\TestMapScene1.h">
      <Filter>src</Filter>
    </ClInclude>
    <ClInclude Include="..\Classes\AppDelegate.h">
      <Filter>src</Filter>
    </ClInclude>
    <ClInclude Include="..\Classes\CountTimer.h">
      <Filter>src</Filter>
    </ClInclude>
    <ClInclude Include="..\Classes\Diamond.h">
      <Filter>src</Filter>
    </ClInclude>
    <ClInclude Include="..\Classes\GamePlay.h">
      <Filter>src</Filter>
    </ClInclude>
    <ClInclude Include="..\Classes\Item_game.h">
      <Filter>src</Filter>
    </ClInclude>
    <ClInclude Include="..\Classes\MainCharactor.h">
      <Filter>src</Filter>
    </ClInclude>
    <ClInclude Include="..\Classes\Objject.h">
      <Filter>src</Filter>
    </ClInclude>
    <ClInclude Include="..\Classes\ResourceManager.h">
      <Filter>src</Filter>
    </ClInclude>
    <ClInclude Include="main.h">
      <Filter>win32</Filter>
    </ClInclude>
  </ItemGroup>
  <ItemGroup>
    <ResourceCompile Include="game.rc">
      <Filter>resource</Filter>
    </ResourceCompile>
  </ItemGroup>
</Project>