<?xml version="1.0" encoding="utf-8"?>
<Project ToolsVersion="4.0" xmlns="http://schemas.microsoft.com/developer/msbuild/2003">
  <ItemGroup>
    <ClCompile Include="..\Classes\AppDelegate.cpp">
      <Filter>src</Filter>
    </ClCompile>
    <ClCompile Include="..\Classes\GamePlay.cpp">
      <Filter>src</Filter>
    </ClCompile>
    <ClCompile Include="..\Classes\Item_game.cpp">
      <Filter>src</Filter>
    </ClCompile>
    <ClCompile Include="..\Classes\MainCharactor.cpp">
      <Filter>src</Filter>
    </ClCompile>
    <ClCompile Include="..\Classes\Objject.cpp">
      <Filter>src</Filter>
    </ClCompile>
    <ClCompile Include="..\Classes\ResourceManager.cpp">
      <Filter>src</Filter>
    </ClCompile>
    <ClCompile Include="..\Classes\Rock.cpp">
      <Filter>src</Filter>
    </ClCompile>
    <ClCompile Include="..\Classes\Spider.cpp">
      <Filter>src</Filter>
    </ClCompile>
    <ClCompile Include="..\Classes\TestMapScene1.cpp">
      <Filter>src</Filter>
    </ClCompile>
    <ClCompile Include="main.cpp">
      <Filter>win32</Filter>
    </ClCompile>
    <ClCompile Include="..\Classes\FightHammer.cpp">
      <Filter>src</Filter>
    </ClCompile>
    <ClCompile Include="..\Classes\Diamond.cpp">
      <Filter>src</Filter>
    </ClCompile>
<<<<<<< HEAD
=======
    <ClCompile Include="..\Classes\Glass.cpp">
      <Filter>src</Filter>
    </ClCompile>
>>>>>>> a3db53881e377b97daee53ae121fd61836b15f28
  </ItemGroup>
  <ItemGroup>
    <ClInclude Include="..\Classes\AppDelegate.h">
      <Filter>src</Filter>
    </ClInclude>
    <ClInclude Include="..\Classes\CountTimer.h">
      <Filter>src</Filter>
    </ClInclude>
    <ClInclude Include="..\Classes\Defines.h">
      <Filter>src</Filter>
    </ClInclude>
    <ClInclude Include="..\Classes\Diamond.h">
      <Filter>src</Filter>
    </ClInclude>
    <ClInclude Include="..\Classes\GamePlay.h">
      <Filter>src</Filter>
    </ClInclude>
    <ClInclude Include="..\Classes\Item_game.h">
      <Filter>src</Filter>
    </ClInclude>
    <ClInclude Include="..\Classes\MainCharactor.h">
      <Filter>src</Filter>
    </ClInclude>
    <ClInclude Include="..\Classes\Objject.h">
      <Filter>src</Filter>
    </ClInclude>
    <ClInclude Include="..\Classes\ResourceManager.h">
      <Filter>src</Filter>
    </ClInclude>
    <ClInclude Include="..\Classes\Rock.h">
      <Filter>src</Filter>
    </ClInclude>
    <ClInclude Include="..\Classes\Spider.h">
      <Filter>src</Filter>
    </ClInclude>
    <ClInclude Include="..\Classes\TestMapScene1.h">
      <Filter>src</Filter>
    </ClInclude>
    <ClInclude Include="main.h">
      <Filter>win32</Filter>
    </ClInclude>
    <ClInclude Include="..\Classes\FightHammer.h">
      <Filter>src</Filter>
    </ClInclude>
    <ClInclude Include="..\Classes\Glass.h">
      <Filter>src</Filter>
    </ClInclude>
  </ItemGroup>
  <ItemGroup>
    <Filter Include="src">
      <UniqueIdentifier>{57826e36-8505-4db2-9224-53cac961f4d8}</UniqueIdentifier>
    </Filter>
    <Filter Include="resource">
      <UniqueIdentifier>{22c9f166-9a72-441f-973c-6b184c523cb4}</UniqueIdentifier>
    </Filter>
    <Filter Include="win32">
      <UniqueIdentifier>{f04e993c-0a9f-4cda-8c27-dda507704333}</UniqueIdentifier>
    </Filter>
  </ItemGroup>
  <ItemGroup>
    <ResourceCompile Include="game.rc">
      <Filter>resource</Filter>
    </ResourceCompile>
  </ItemGroup>
</Project>